
Microsoft Visual Studio Solution File, Format Version 12.00
# Visual Studio 2013
VisualStudioVersion = 12.0.40629.0
MinimumVisualStudioVersion = 10.0.40219.1
Project("{FAE04EC0-301F-11D3-BF4B-00C04F79EFBC}") = "ConsoleApplication1", "ConsoleApplication1\ConsoleApplication1.csproj", "{CE93087B-495C-4810-8D47-21A9211A08D4}"
EndProject
Project("{FAE04EC0-301F-11D3-BF4B-00C04F79EFBC}") = "FileWatcherTest", "FIleWatcherTest\FileWatcherTest.csproj", "{F4809B18-EBF5-4EE3-8282-28C65627CC21}"
EndProject
Global
	GlobalSection(SolutionConfigurationPlatforms) = preSolution
		Debug|Any CPU = Debug|Any CPU
		Release|Any CPU = Release|Any CPU
	EndGlobalSection
	GlobalSection(ProjectConfigurationPlatforms) = postSolution
		{CE93087B-495C-4810-8D47-21A9211A08D4}.Debug|Any CPU.ActiveCfg = Debug|Any CPU
		{CE93087B-495C-4810-8D47-21A9211A08D4}.Debug|Any CPU.Build.0 = Debug|Any CPU
		{CE93087B-495C-4810-8D47-21A9211A08D4}.Release|Any CPU.ActiveCfg = Release|Any CPU
		{CE93087B-495C-4810-8D47-21A9211A08D4}.Release|Any CPU.Build.0 = Release|Any CPU
		{F4809B18-EBF5-4EE3-8282-28C65627CC21}.Debug|Any CPU.ActiveCfg = Debug|Any CPU
		{F4809B18-EBF5-4EE3-8282-28C65627CC21}.Debug|Any CPU.Build.0 = Debug|Any CPU
		{F4809B18-EBF5-4EE3-8282-28C65627CC21}.Release|Any CPU.ActiveCfg = Release|Any CPU
		{F4809B18-EBF5-4EE3-8282-28C65627CC21}.Release|Any CPU.Build.0 = Release|Any CPU
	EndGlobalSection
	GlobalSection(SolutionProperties) = preSolution
		HideSolutionNode = FALSE
	EndGlobalSection
EndGlobal
